
Microsoft Visual Studio Solution File, Format Version 12.00
# Visual Studio Version 17
VisualStudioVersion = 17.9.34714.143
MinimumVisualStudioVersion = 10.0.40219.1
Project("{9A19103F-16F7-4668-BE54-9A1E7A4F7556}") = "ExtraDetailingTools", "ExtraDetailingTools.csproj", "{9395F5AA-AF12-411B-A115-A148B12D8055}"
EndProject
Global
	GlobalSection(SolutionConfigurationPlatforms) = preSolution
		Debug|Any CPU = Debug|Any CPU
		Debug+Extra4|Any CPU = Debug+Extra4|Any CPU
		Release|Any CPU = Release|Any CPU
		Release+Extra4|Any CPU = Release+Extra4|Any CPU
	EndGlobalSection
	GlobalSection(ProjectConfigurationPlatforms) = postSolution
		{9395F5AA-AF12-411B-A115-A148B12D8055}.Debug|Any CPU.ActiveCfg = Debug|Any CPU
		{9395F5AA-AF12-411B-A115-A148B12D8055}.Debug|Any CPU.Build.0 = Debug|Any CPU
		{9395F5AA-AF12-411B-A115-A148B12D8055}.Debug+Extra4|Any CPU.ActiveCfg = Debug+Extra4|Any CPU
		{9395F5AA-AF12-411B-A115-A148B12D8055}.Debug+Extra4|Any CPU.Build.0 = Debug+Extra4|Any CPU
		{9395F5AA-AF12-411B-A115-A148B12D8055}.Release|Any CPU.ActiveCfg = Release|Any CPU
		{9395F5AA-AF12-411B-A115-A148B12D8055}.Release|Any CPU.Build.0 = Release|Any CPU
		{9395F5AA-AF12-411B-A115-A148B12D8055}.Release+Extra4|Any CPU.ActiveCfg = Release+Extra4|Any CPU
		{9395F5AA-AF12-411B-A115-A148B12D8055}.Release+Extra4|Any CPU.Build.0 = Release+Extra4|Any CPU
	EndGlobalSection
	GlobalSection(SolutionProperties) = preSolution
		HideSolutionNode = FALSE
	EndGlobalSection
	GlobalSection(ExtensibilityGlobals) = postSolution
		SolutionGuid = {2400A98E-ACA0-4A39-87E3-F4133AB3B9CE}
	EndGlobalSection
EndGlobal
